
Microsoft Visual Studio Solution File, Format Version 11.00
# Visual Studio 2010
Project("{F184B08F-C81C-45F6-A57F-5ABD9991F28F}") = "Min and Max", "Min and Max\Min and Max.vbproj", "{6DD98E10-C945-4773-969D-08C540B5E40A}"
EndProject
Global
	GlobalSection(SolutionConfigurationPlatforms) = preSolution
		Debug|x86 = Debug|x86
		Release|x86 = Release|x86
	EndGlobalSection
	GlobalSection(ProjectConfigurationPlatforms) = postSolution
		{6DD98E10-C945-4773-969D-08C540B5E40A}.Debug|x86.ActiveCfg = Debug|x86
		{6DD98E10-C945-4773-969D-08C540B5E40A}.Debug|x86.Build.0 = Debug|x86
		{6DD98E10-C945-4773-969D-08C540B5E40A}.Release|x86.ActiveCfg = Release|x86
		{6DD98E10-C945-4773-969D-08C540B5E40A}.Release|x86.Build.0 = Release|x86
	EndGlobalSection
	GlobalSection(SolutionProperties) = preSolution
		HideSolutionNode = FALSE
	EndGlobalSection
EndGlobal
